// !$*UTF8*$!
{
	archiveVersion = 1;
	classes = {};
	objectVersion = 77;
	objects = {
		E85981888FDD43C487283F29 /* CrosstalkApp.swift in Sources */ = {isa = PBXBuildFile; fileRef = 981D7797E2FE4960AC7CEB7D /* CrosstalkApp.swift */; };
		12FEF50D232F4E78B92BD931 /* Models.swift in Sources */ = {isa = PBXBuildFile; fileRef = AACD6FF092194D57BA7A703E /* Models.swift */; };
		A09C6332BEB040FBB39A4E3E /* Engine.swift in Sources */ = {isa = PBXBuildFile; fileRef = 6D0E33A35EE948258A0565CF /* Engine.swift */; };
		BDC8B52FC0D343BFA7C983D7 /* GameStore.swift in Sources */ = {isa = PBXBuildFile; fileRef = BE3C7D67BE4148B58A736261 /* GameStore.swift */; };
		46D0AD814586427F957FEFEE /* ContentView.swift in Sources */ = {isa = PBXBuildFile; fileRef = 508ED4B3AACA4EBB87EF6A74 /* ContentView.swift */; };
		D9AB2F37C23E42FA8442B2B2 /* Assets.xcassets in Resources */ = {isa = PBXBuildFile; fileRef = 09BF7EFB2C824C8E92C98A72 /* Assets.xcassets */; };
		0D90BA426B6B4618A6CA15C9 /* party-core.json in Resources */ = {isa = PBXBuildFile; fileRef = 0F88ACC8331143809B25BD99 /* party-core.json */; };
		981D7797E2FE4960AC7CEB7D /* CrosstalkApp.swift */ = {isa = PBXFileReference; lastKnownFileType = sourcecode.swift; path = CrosstalkApp.swift; sourceTree = "<group>"; };
		AACD6FF092194D57BA7A703E /* Models.swift */ = {isa = PBXFileReference; lastKnownFileType = sourcecode.swift; path = Models.swift; sourceTree = "<group>"; };
		6D0E33A35EE948258A0565CF /* Engine.swift */ = {isa = PBXFileReference; lastKnownFileType = sourcecode.swift; path = Engine.swift; sourceTree = "<group>"; };
		BE3C7D67BE4148B58A736261 /* GameStore.swift */ = {isa = PBXFileReference; lastKnownFileType = sourcecode.swift; path = GameStore.swift; sourceTree = "<group>"; };
		508ED4B3AACA4EBB87EF6A74 /* ContentView.swift */ = {isa = PBXFileReference; lastKnownFileType = sourcecode.swift; path = ContentView.swift; sourceTree = "<group>"; };
		EFCE4171E77745C08BD74EA4 /* Info.plist */ = {isa = PBXFileReference; lastKnownFileType = text.plist.xml; path = Info.plist; sourceTree = "<group>"; };
		09BF7EFB2C824C8E92C98A72 /* Assets.xcassets */ = {isa = PBXFileReference; lastKnownFileType = folder.assetcatalog; path = Assets.xcassets; sourceTree = "<group>"; };
		0F88ACC8331143809B25BD99 /* party-core.json */ = {isa = PBXFileReference; lastKnownFileType = text.json; path = Resources/party-core.json; sourceTree = "<group>"; };
		49C402A7E1F140D7B5B1B943 /* Crosstalk.app */ = {isa = PBXFileReference; explicitFileType = wrapper.application; includeInIndex = 0; path = Crosstalk.app; sourceTree = BUILT_PRODUCTS_DIR; };
		7F23A9D1A86543C0B18B7100 = {isa = PBXGroup; children = ( 				981D7797E2FE4960AC7CEB7D /* CrosstalkApp.swift */,
				AACD6FF092194D57BA7A703E /* Models.swift */,
				6D0E33A35EE948258A0565CF /* Engine.swift */,
				BE3C7D67BE4148B58A736261 /* GameStore.swift */,
				508ED4B3AACA4EBB87EF6A74 /* ContentView.swift */,
				EFCE4171E77745C08BD74EA4 /* Info.plist */,
				09BF7EFB2C824C8E92C98A72 /* Assets.xcassets */,
				0F88ACC8331143809B25BD99 /* party-core.json */,
				5C6E4DF837D64C38AF9A170E /* Products */,
			); path = Crosstalk; sourceTree = "<group>"; };
		5C6E4DF837D64C38AF9A170E /* Products */ = {isa = PBXGroup; children = (49C402A7E1F140D7B5B1B943 /* Crosstalk.app */,); name = Products; sourceTree = "<group>"; };
		157B2E53F62644FFADE1C7BA /* Sources */ = {isa = PBXSourcesBuildPhase; buildActionMask = 2147483647; files = ( 				E85981888FDD43C487283F29 /* CrosstalkApp.swift in Sources */,
				12FEF50D232F4E78B92BD931 /* Models.swift in Sources */,
				A09C6332BEB040FBB39A4E3E /* Engine.swift in Sources */,
				BDC8B52FC0D343BFA7C983D7 /* GameStore.swift in Sources */,
				46D0AD814586427F957FEFEE /* ContentView.swift in Sources */,
			); runOnlyForDeploymentPostprocessing = 0; };
		10D5A7221E6646539A2FCEF1 /* Resources */ = {isa = PBXResourcesBuildPhase; buildActionMask = 2147483647; files = ( 				D9AB2F37C23E42FA8442B2B2 /* Assets.xcassets in Resources */,
				0D90BA426B6B4618A6CA15C9 /* party-core.json in Resources */,
			); runOnlyForDeploymentPostprocessing = 0; };
		A279C07593204253BDD1E240 /* Frameworks */ = {isa = PBXFrameworksBuildPhase; buildActionMask = 2147483647; files = (); runOnlyForDeploymentPostprocessing = 0; };
		09256F92578E4222830F9CD3 /* Crosstalk */ = {isa = PBXNativeTarget; buildConfigurationList = 10DF2B8CF5E94C2F884356B5 /* Build configuration list for PBXNativeTarget "Crosstalk" */; buildPhases = (157B2E53F62644FFADE1C7BA /* Sources */, A279C07593204253BDD1E240 /* Frameworks */, 10D5A7221E6646539A2FCEF1 /* Resources */,); buildRules = (); dependencies = (); name = Crosstalk; productName = Crosstalk; productReference = 49C402A7E1F140D7B5B1B943 /* Crosstalk.app */; productType = "com.apple.product-type.application"; };
		27F67447366948448AF35ECA /* Project object */ = {isa = PBXProject; attributes = {BuildIndependentTargetsInParallel = 1; LastSwiftUpdateCheck = 1640; LastUpgradeCheck = 1640; TargetAttributes = {09256F92578E4222830F9CD3 = {CreatedOnToolsVersion = 16.4;};};}; buildConfigurationList = 051CFF72EB8B4A7CB1FBF5BC; developmentRegion = en; hasScannedForEncodings = 0; knownRegions = (en, Base); mainGroup = 7F23A9D1A86543C0B18B7100; productRefGroup = 5C6E4DF837D64C38AF9A170E; projectDirPath = ""; projectRoot = ""; targets = (09256F92578E4222830F9CD3); };
		3771AB0B1DCD4F44B9CB33E4 /* Debug */ = {isa = XCBuildConfiguration; buildSettings = {ALWAYS_SEARCH_USER_PATHS = NO; CLANG_ANALYZER_NONNULL = YES; CLANG_ENABLE_MODULES = YES; CLANG_ENABLE_OBJC_ARC = YES; CLANG_WARN_DOCUMENTATION_COMMENTS = YES; COPY_PHASE_STRIP = NO; DEBUG_INFORMATION_FORMAT = dwarf; ENABLE_STRICT_OBJC_MSGSEND = YES; GCC_C_LANGUAGE_STANDARD = gnu17; GCC_DYNAMIC_NO_PIC = NO; GCC_NO_COMMON_BLOCKS = YES; GCC_OPTIMIZATION_LEVEL = 0; GCC_PREPROCESSOR_DEFINITIONS = ("DEBUG=1", "$(inherited)"); GCC_WARN_64_TO_32_BIT_CONVERSION = YES; IPHONEOS_DEPLOYMENT_TARGET = 16.0; MTL_ENABLE_DEBUG_INFO = INCLUDE_SOURCE; SDKROOT = iphoneos; SWIFT_ACTIVE_COMPILATION_CONDITIONS = DEBUG; SWIFT_OPTIMIZATION_LEVEL = "-Onone"; }; name = Debug; };
		2AAC059A6C1D4607B61C1A09 /* Release */ = {isa = XCBuildConfiguration; buildSettings = {ALWAYS_SEARCH_USER_PATHS = NO; CLANG_ANALYZER_NONNULL = YES; CLANG_ENABLE_MODULES = YES; CLANG_ENABLE_OBJC_ARC = YES; CLANG_WARN_DOCUMENTATION_COMMENTS = YES; COPY_PHASE_STRIP = NO; DEBUG_INFORMATION_FORMAT = "dwarf-with-dsym"; ENABLE_NS_ASSERTIONS = NO; ENABLE_STRICT_OBJC_MSGSEND = YES; GCC_C_LANGUAGE_STANDARD = gnu17; GCC_NO_COMMON_BLOCKS = YES; GCC_WARN_64_TO_32_BIT_CONVERSION = YES; IPHONEOS_DEPLOYMENT_TARGET = 16.0; MTL_ENABLE_DEBUG_INFO = NO; SDKROOT = iphoneos; SWIFT_COMPILATION_MODE = wholemodule; VALIDATE_PRODUCT = YES; }; name = Release; };
		CCACA23596A946749ABB0D46 /* Debug */ = {isa = XCBuildConfiguration; buildSettings = {ASSETCATALOG_COMPILER_APPICON_NAME = AppIcon; CODE_SIGN_STYLE = Automatic; CURRENT_PROJECT_VERSION = 1; GENERATE_INFOPLIST_FILE = NO; INFOPLIST_FILE = Crosstalk/Info.plist; MARKETING_VERSION = 1.0; PRODUCT_BUNDLE_IDENTIFIER = com.riverdevprojects.crosstalk; PRODUCT_NAME = "$(TARGET_NAME)"; SUPPORTED_PLATFORMS = "iphoneos iphonesimulator"; SUPPORTS_MACCATALYST = NO; SUPPORTS_MAC_DESIGNED_FOR_IPHONE_IPAD = NO; SWIFT_EMIT_LOC_STRINGS = YES; SWIFT_VERSION = 5.0; TARGETED_DEVICE_FAMILY = 1; }; name = Debug; };
		2439B11BEF934500B6337AEA /* Release */ = {isa = XCBuildConfiguration; buildSettings = {ASSETCATALOG_COMPILER_APPICON_NAME = AppIcon; CODE_SIGN_STYLE = Automatic; CURRENT_PROJECT_VERSION = 1; GENERATE_INFOPLIST_FILE = NO; INFOPLIST_FILE = Crosstalk/Info.plist; MARKETING_VERSION = 1.0; PRODUCT_BUNDLE_IDENTIFIER = com.riverdevprojects.crosstalk; PRODUCT_NAME = "$(TARGET_NAME)"; SUPPORTED_PLATFORMS = "iphoneos iphonesimulator"; SUPPORTS_MACCATALYST = NO; SUPPORTS_MAC_DESIGNED_FOR_IPHONE_IPAD = NO; SWIFT_EMIT_LOC_STRINGS = YES; SWIFT_VERSION = 5.0; TARGETED_DEVICE_FAMILY = 1; }; name = Release; };
		051CFF72EB8B4A7CB1FBF5BC = {isa = XCConfigurationList; buildConfigurations = (3771AB0B1DCD4F44B9CB33E4, 2AAC059A6C1D4607B61C1A09); defaultConfigurationIsVisible = 0; defaultConfigurationName = Release; };
		10DF2B8CF5E94C2F884356B5 = {isa = XCConfigurationList; buildConfigurations = (CCACA23596A946749ABB0D46, 2439B11BEF934500B6337AEA); defaultConfigurationIsVisible = 0; defaultConfigurationName = Release; };
	};
	rootObject = 27F67447366948448AF35ECA /* Project object */;
}
